
Microsoft Visual Studio Solution File, Format Version 12.00
# Visual Studio Version 17
VisualStudioVersion = 17.7.34221.43
MinimumVisualStudioVersion = 10.0.40219.1
Project("{FAE04EC0-301F-11D3-BF4B-00C04F79EFBC}") = "assignment2", "assignment2\assignment2.csproj", "{198752C5-1173-4243-979E-8B7DABFCFDB6}"
EndProject
Global
	GlobalSection(SolutionConfigurationPlatforms) = preSolution
		Debug|Any CPU = Debug|Any CPU
		Release|Any CPU = Release|Any CPU
	EndGlobalSection
	GlobalSection(ProjectConfigurationPlatforms) = postSolution
		{198752C5-1173-4243-979E-8B7DABFCFDB6}.Debug|Any CPU.ActiveCfg = Debug|Any CPU
		{198752C5-1173-4243-979E-8B7DABFCFDB6}.Debug|Any CPU.Build.0 = Debug|Any CPU
		{198752C5-1173-4243-979E-8B7DABFCFDB6}.Release|Any CPU.ActiveCfg = Release|Any CPU
		{198752C5-1173-4243-979E-8B7DABFCFDB6}.Release|Any CPU.Build.0 = Release|Any CPU
	EndGlobalSection
	GlobalSection(SolutionProperties) = preSolution
		HideSolutionNode = FALSE
	EndGlobalSection
	GlobalSection(ExtensibilityGlobals) = postSolution
		SolutionGuid = {C5919AE9-0BC3-43A8-A58F-DDAA5AC53CD3}
	EndGlobalSection
EndGlobal
